
Microsoft Visual Studio Solution File, Format Version 12.00
# Visual Studio 2015
Project("{FAE04EC0-301F-11D3-BF4B-00C04F79EFBC}") = "tetris.CSharp", "tetris.CSharp.csproj", "{9FD86EB5-0763-E355-B4F8-1F673856FBE1}"
EndProject
Project("{FAE04EC0-301F-11D3-BF4B-00C04F79EFBC}") = "tetris.CSharp.Editor", "tetris.CSharp.Editor.csproj", "{7065F195-B7A4-5206-4AB6-BBAA9B8D524D}"
EndProject
Global
	GlobalSection(SolutionConfigurationPlatforms) = preSolution
		Debug|Any CPU = Debug|Any CPU
		Release|Any CPU = Release|Any CPU
	EndGlobalSection
	GlobalSection(ProjectConfigurationPlatforms) = postSolution
		{9FD86EB5-0763-E355-B4F8-1F673856FBE1}.Debug|Any CPU.ActiveCfg = Debug|Any CPU
		{9FD86EB5-0763-E355-B4F8-1F673856FBE1}.Debug|Any CPU.Build.0 = Debug|Any CPU
		{9FD86EB5-0763-E355-B4F8-1F673856FBE1}.Release|Any CPU.ActiveCfg = Release|Any CPU
		{9FD86EB5-0763-E355-B4F8-1F673856FBE1}.Release|Any CPU.Build.0 = Release|Any CPU
		{7065F195-B7A4-5206-4AB6-BBAA9B8D524D}.Debug|Any CPU.ActiveCfg = Debug|Any CPU
		{7065F195-B7A4-5206-4AB6-BBAA9B8D524D}.Debug|Any CPU.Build.0 = Debug|Any CPU
		{7065F195-B7A4-5206-4AB6-BBAA9B8D524D}.Release|Any CPU.ActiveCfg = Release|Any CPU
		{7065F195-B7A4-5206-4AB6-BBAA9B8D524D}.Release|Any CPU.Build.0 = Release|Any CPU
	EndGlobalSection
	GlobalSection(SolutionProperties) = preSolution
		HideSolutionNode = FALSE
	EndGlobalSection
EndGlobal
